lockVersion: 2.0.0
id: a8ad3e86-b63d-469b-a494-a5420b4998c5
management:
  docChecksum: be91d59304dbcb6c747968041d7d9b3c
  docVersion: 1.0.1
  speakeasyVersion: 1.634.2
  generationVersion: 2.721.3
  releaseVersion: 0.1.0
  configChecksum: 2fefb17bf9471084bd54645e51bb74bc
  repoURL: https://github.com/BoltApp/bolt-mcp-typescript.git
features:
  mcp-typescript:
    additionalDependencies: 0.1.0
    core: 0.5.0
    defaultEnabledRetries: 0.1.0
    enumUnions: 0.1.0
    globalSecurity: 0.1.1
    globalSecurityCallbacks: 0.0.0
    globalServerURLs: 0.1.0
    methodSecurity: 0.1.0
    nullables: 0.1.0
    responseFormat: 0.1.0
    retries: 0.1.0
    sdkHooks: 0.2.0
    unions: 0.2.0
generatedFiles:
  - .dxtignore
  - .gitattributes
  - .npmignore
  - eslint.config.mjs
  - manifest.json
  - package.json
  - src/core.ts
  - src/funcs/accountAddAddress.ts
  - src/funcs/accountAddPaymentMethod.ts
  - src/funcs/accountCreateAccount.ts
  - src/funcs/accountDeleteAddress.ts
  - src/funcs/accountDeletePaymentMethod.ts
  - src/funcs/accountDetectAccount.ts
  - src/funcs/accountEditAddress.ts
  - src/funcs/accountGetAccount.ts
  - src/funcs/accountReplaceAddress.ts
  - src/funcs/accountUpdateAccountProfile.ts
  - src/funcs/configurationGetMerchantCallbacks.ts
  - src/funcs/configurationGetMerchantIdentifiers.ts
  - src/funcs/configurationSetMerchantCallbacks.ts
  - src/funcs/oAuthOAuthToken.ts
  - src/funcs/ordersCreateOrderToken.ts
  - src/funcs/ordersTrackOrder.ts
  - src/funcs/statementsGetStatements.ts
  - src/funcs/testingCreateTestingShopperAccount.ts
  - src/funcs/testingGetTestCreditCardToken.ts
  - src/funcs/testingTestShipping.ts
  - src/funcs/transactionsAuthorizeTransaction.ts
  - src/funcs/transactionsCaptureTransaction.ts
  - src/funcs/transactionsGetTransactionDetails.ts
  - src/funcs/transactionsRefundTransaction.ts
  - src/funcs/transactionsReviewTransaction.ts
  - src/funcs/transactionsUpdateTransaction.ts
  - src/funcs/transactionsVoidTransaction.ts
  - src/funcs/webhooksCreateWebhook.ts
  - src/funcs/webhooksDeleteWebhook.ts
  - src/funcs/webhooksGetWebhook.ts
  - src/funcs/webhooksQueryWebhooks.ts
  - src/hooks/hooks.ts
  - src/hooks/types.ts
  - src/lib/base64.ts
  - src/lib/config.ts
  - src/lib/dlv.ts
  - src/lib/encodings.ts
  - src/lib/env.ts
  - src/lib/files.ts
  - src/lib/http.ts
  - src/lib/is-plain-object.ts
  - src/lib/logger.ts
  - src/lib/matchers.ts
  - src/lib/primitives.ts
  - src/lib/result.ts
  - src/lib/retries.ts
  - src/lib/schemas.ts
  - src/lib/sdks.ts
  - src/lib/security.ts
  - src/lib/url.ts
  - src/mcp-server/build.mts
  - src/mcp-server/cli.ts
  - src/mcp-server/cli/start/command.ts
  - src/mcp-server/cli/start/impl.ts
  - src/mcp-server/console-logger.ts
  - src/mcp-server/extensions.ts
  - src/mcp-server/mcp-server.ts
  - src/mcp-server/prompts.ts
  - src/mcp-server/resources.ts
  - src/mcp-server/scopes.ts
  - src/mcp-server/server.ts
  - src/mcp-server/shared.ts
  - src/mcp-server/tools.ts
  - src/mcp-server/tools/accountCreateAccount.ts
  - src/mcp-server/tools/accountDetectAccount.ts
  - src/mcp-server/tools/configurationGetMerchantCallbacks.ts
  - src/mcp-server/tools/configurationGetMerchantIdentifiers.ts
  - src/mcp-server/tools/configurationSetMerchantCallbacks.ts
  - src/mcp-server/tools/oAuthOAuthToken.ts
  - src/mcp-server/tools/ordersCreateOrderToken.ts
  - src/mcp-server/tools/ordersTrackOrder.ts
  - src/mcp-server/tools/statementsGetStatements.ts
  - src/mcp-server/tools/testingCreateTestingShopperAccount.ts
  - src/mcp-server/tools/testingGetTestCreditCardToken.ts
  - src/mcp-server/tools/testingTestShipping.ts
  - src/mcp-server/tools/transactionsCaptureTransaction.ts
  - src/mcp-server/tools/transactionsGetTransactionDetails.ts
  - src/mcp-server/tools/transactionsRefundTransaction.ts
  - src/mcp-server/tools/transactionsReviewTransaction.ts
  - src/mcp-server/tools/transactionsUpdateTransaction.ts
  - src/mcp-server/tools/transactionsVoidTransaction.ts
  - src/mcp-server/tools/webhooksCreateWebhook.ts
  - src/mcp-server/tools/webhooksDeleteWebhook.ts
  - src/mcp-server/tools/webhooksGetWebhook.ts
  - src/mcp-server/tools/webhooksQueryWebhooks.ts
  - src/models/accountdetails.ts
  - src/models/accountdetailsaddressview.ts
  - src/models/accountidentifierstatus.ts
  - src/models/addaddressop.ts
  - src/models/addpaymentmethodop.ts
  - src/models/address.ts
  - src/models/addressaccount.ts
  - src/models/addresschangerequestmetadataview.ts
  - src/models/addresschangeview.ts
  - src/models/addressview.ts
  - src/models/amounts.ts
  - src/models/amountview.ts
  - src/models/authorizationverificationstatus.ts
  - src/models/authorizetransactionop.ts
  - src/models/authrejectiondetails.ts
  - src/models/authrejectiondetailsview.ts
  - src/models/capturestatus.ts
  - src/models/capturetransactionop.ts
  - src/models/capturetransactionwithreference.ts
  - src/models/captureview.ts
  - src/models/carddisplaynetwork.ts
  - src/models/cardnetwork.ts
  - src/models/cardstatus.ts
  - src/models/cardtokentype.ts
  - src/models/cartaddon.ts
  - src/models/cartcreate.ts
  - src/models/cartdiscount.ts
  - src/models/cartfee.ts
  - src/models/cartitem.ts
  - src/models/cartitemcustomization.ts
  - src/models/cartitemgiftoption.ts
  - src/models/cartitemproperty.ts
  - src/models/cartitempropertyview.ts
  - src/models/cartloyaltyrewards.ts
  - src/models/cartloyaltyrewardsview.ts
  - src/models/cartshipment.ts
  - src/models/cartshipmenttype.ts
  - src/models/cartview.ts
  - src/models/chargebackdetails.ts
  - src/models/chargebackdetailsview.ts
  - src/models/chargebackeventview.ts
  - src/models/chargebackreasoncode.ts
  - src/models/chargebackrepresentmentresult.ts
  - src/models/consumerbillingaddress.ts
  - src/models/consumermembershipstatus.ts
  - src/models/consumerselfview.ts
  - src/models/consumersummaryview.ts
  - src/models/consumerusermembership.ts
  - src/models/createaccountinput.ts
  - src/models/createaccountop.ts
  - src/models/createordertokenop.ts
  - src/models/createtestingshopperaccountop.ts
  - src/models/createwebhookop.ts
  - src/models/credit.ts
  - src/models/creditcard.ts
  - src/models/creditcardauthorizationreason.ts
  - src/models/creditcardauthorizationstatus.ts
  - src/models/creditcardauthorizationview.ts
  - src/models/creditcardcaptureview.ts
  - src/models/creditcardcreditview.ts
  - src/models/creditcarduser.ts
  - src/models/creditcardview.ts
  - src/models/creditcardvoid.ts
  - src/models/creditcardvoidcause.ts
  - src/models/creditcardvoidstatus.ts
  - src/models/creditcardvoidview.ts
  - src/models/customerliststatus.ts
  - src/models/customfieldfullresponseview.ts
  - src/models/customfieldresponseview.ts
  - src/models/customfields.ts
  - src/models/customfieldview.ts
  - src/models/deleteaddressop.ts
  - src/models/deletepaymentmethodop.ts
  - src/models/deletewebhookop.ts
  - src/models/detectaccountop.ts
  - src/models/digitaldelivery.ts
  - src/models/editaddressop.ts
  - src/models/eligiblepaymentmethod.ts
  - src/models/emailpriority.ts
  - src/models/emails.ts
  - src/models/emailstatus.ts
  - src/models/emailview.ts
  - src/models/errorboltapi.ts
  - src/models/errors/apierror.ts
  - src/models/errors/httpclienterrors.ts
  - src/models/errors/sdkvalidationerror.ts
  - src/models/errorsboltapiresponse.ts
  - src/models/errorsoauthserverresponse.ts
  - src/models/eventgroupcreatewebhook.ts
  - src/models/eventsarraycreatewebhook.ts
  - src/models/fulfillment.ts
  - src/models/fulfillmentview.ts
  - src/models/getaccountop.ts
  - src/models/getmerchantcallbacksop.ts
  - src/models/getmerchantidentifiersop.ts
  - src/models/getstatementsop.ts
  - src/models/gettestcreditcardtokenop.ts
  - src/models/gettransactiondetailsop.ts
  - src/models/getwebhookop.ts
  - src/models/giftoptions.ts
  - src/models/giftoptionview.ts
  - src/models/iauthorizeresultview.ts
  - src/models/icartdiscountview.ts
  - src/models/icartfeeview.ts
  - src/models/icartitemexternalinputs.ts
  - src/models/icartitemview.ts
  - src/models/icartshipmentview.ts
  - src/models/icartview.ts
  - src/models/icurrency.ts
  - src/models/icustomfieldview.ts
  - src/models/idescriptionpart.ts
  - src/models/idescriptiontooltip.ts
  - src/models/ifreeshippingdiscountview.ts
  - src/models/igiftoptionview.ts
  - src/models/instorecartshipment.ts
  - src/models/instoreshipment.ts
  - src/models/instoreshipment2.ts
  - src/models/iorderdynamiccontent.ts
  - src/models/iorderexternaldata.ts
  - src/models/iordermetadata.ts
  - src/models/iorderview.ts
  - src/models/item.ts
  - src/models/itemproperty.ts
  - src/models/itemshipmenttype.ts
  - src/models/iweight.ts
  - src/models/loginview.ts
  - src/models/manualdisputes.ts
  - src/models/manualdisputeview.ts
  - src/models/marketplacecommissionfee.ts
  - src/models/merchant.ts
  - src/models/merchantcallbacksinput.ts
  - src/models/merchantcallbacksview.ts
  - src/models/merchantcallbackurltype.ts
  - src/models/merchantcreditcardauthorization.ts
  - src/models/merchantcreditcardauthorizationrecharge.ts
  - src/models/merchantcreditcardreview.ts
  - src/models/merchantdivision.ts
  - src/models/merchantdivisionlogoview.ts
  - src/models/merchantdivisionsidentifiersview.ts
  - src/models/merchantdivisionsummaryview.ts
  - src/models/merchantidentifiersview.ts
  - src/models/merchantlogo.ts
  - src/models/merchantonboardingstatuscode.ts
  - src/models/merchantplatform.ts
  - src/models/merchantstatus.ts
  - src/models/metadatacomponent.ts
  - src/models/mocktrackinginput.ts
  - src/models/oauthtokeninput.ts
  - src/models/oauthtokeninputrefresh.ts
  - src/models/oauthtokenop.ts
  - src/models/oauthtokenresponse.ts
  - src/models/ordercreate.ts
  - src/models/orderdecision.ts
  - src/models/orderdecisiondetailsview.ts
  - src/models/orderexternaldataview.ts
  - src/models/ordertrackrequestbody.ts
  - src/models/ordertrackresponse.ts
  - src/models/orderview.ts
  - src/models/packagedimension.ts
  - src/models/packageweights.ts
  - src/models/paymentmethodaccount.ts
  - src/models/paymentservice.ts
  - src/models/phonepriority.ts
  - src/models/phonestatus.ts
  - src/models/phoneswithcountrycode.ts
  - src/models/phoneview.ts
  - src/models/priority.ts
  - src/models/processinginitiator.ts
  - src/models/profile.ts
  - src/models/profileview.ts
  - src/models/querywebhooksop.ts
  - src/models/refundtransactionop.ts
  - src/models/replaceaddressop.ts
  - src/models/requestresult.ts
  - src/models/requeststatus.ts
  - src/models/reviewticket.ts
  - src/models/reviewticketview.ts
  - src/models/reviewtransactionop.ts
  - src/models/riskdecisionfactoryml.ts
  - src/models/riskinsightsyml.ts
  - src/models/riskmodelexternalresultview.ts
  - src/models/riskmodelresulcontributionview.ts
  - src/models/riskmodelresultview.ts
  - src/models/riskreviewstatus.ts
  - src/models/savedcreditcardview.ts
  - src/models/savedpaypalaccountview.ts
  - src/models/security.ts
  - src/models/sellersplit.ts
  - src/models/sellersplitamounts.ts
  - src/models/setmerchantcallbacksop.ts
  - src/models/shoppermetadata.ts
  - src/models/splitsview.ts
  - src/models/statementsfiletype.ts
  - src/models/statementstype.ts
  - src/models/statementsviewrequestbody.ts
  - src/models/statementsviewresponse.ts
  - src/models/subscription.ts
  - src/models/testingaccountdetails.ts
  - src/models/testingaccountrequest.ts
  - src/models/testshippingop.ts
  - src/models/totalweight.ts
  - src/models/trackingdetail.ts
  - src/models/trackorderop.ts
  - src/models/transactioncredit.ts
  - src/models/transactiondetails.ts
  - src/models/transactiondetailsview.ts
  - src/models/transactionindemnificationdecision.ts
  - src/models/transactionindemnificationreason.ts
  - src/models/transactionoperationalprocessor.ts
  - src/models/transactionprocessor.ts
  - src/models/transactionprocessorstatus.ts
  - src/models/transactionrejectiondetailsview.ts
  - src/models/transactionreviewview.ts
  - src/models/transactionsplitsview.ts
  - src/models/transactionstatus.ts
  - src/models/transactiontimelineview.ts
  - src/models/transactiontype.ts
  - src/models/transactionupdateinput.ts
  - src/models/transactionview.ts
  - src/models/type.ts
  - src/models/updateaccountprofileop.ts
  - src/models/updateprofile.ts
  - src/models/updatetransactionop.ts
  - src/models/useridentifier.ts
  - src/models/useridentity.ts
  - src/models/v1accountsview.ts
  - src/models/voidtransactionop.ts
  - src/models/webhook.ts
  - src/models/webhookeventgroup.ts
  - src/models/webhookstype.ts
  - src/types/async.ts
  - src/types/blobs.ts
  - src/types/enums.ts
  - src/types/fp.ts
  - src/types/rfcdate.ts
  - src/types/streams.ts
  - tsconfig.json
examplesVersion: 1.0.2
